
Microsoft Visual Studio Solution File, Format Version 12.00
# Visual Studio Version 17
VisualStudioVersion = 17.3.32819.101
MinimumVisualStudioVersion = 10.0.40219.1
Project("{FAE04EC0-301F-11D3-BF4B-00C04F79EFBC}") = "KainatTarar.Challange.UI", "KainatTarar.Challange.UI.csproj", "{FD9D52AB-8204-48F8-9CD4-638B1369F5F4}"
EndProject
Global
	GlobalSection(SolutionConfigurationPlatforms) = preSolution
		Debug|Any CPU = Debug|Any CPU
		Release|Any CPU = Release|Any CPU
	EndGlobalSection
	GlobalSection(ProjectConfigurationPlatforms) = postSolution
		{FD9D52AB-8204-48F8-9CD4-638B1369F5F4}.Debug|Any CPU.ActiveCfg = Debug|Any CPU
		{FD9D52AB-8204-48F8-9CD4-638B1369F5F4}.Debug|Any CPU.Build.0 = Debug|Any CPU
		{FD9D52AB-8204-48F8-9CD4-638B1369F5F4}.Release|Any CPU.ActiveCfg = Release|Any CPU
		{FD9D52AB-8204-48F8-9CD4-638B1369F5F4}.Release|Any CPU.Build.0 = Release|Any CPU
	EndGlobalSection
	GlobalSection(SolutionProperties) = preSolution
		HideSolutionNode = FALSE
	EndGlobalSection
	GlobalSection(ExtensibilityGlobals) = postSolution
		SolutionGuid = {C3C217CD-9213-4CE4-A2C5-59F494C30370}
	EndGlobalSection
EndGlobal
